
Microsoft Visual Studio Solution File, Format Version 12.00
# Visual Studio Version 17
VisualStudioVersion = 17.11.35222.181
MinimumVisualStudioVersion = 10.0.40219.1
Project("{FAE04EC0-301F-11D3-BF4B-00C04F79EFBC}") = "CSharp", "CSharp\CSharp.csproj", "{86FA36D9-51CE-42ED-8DBF-2746E1C63D67}"
EndProject
Global
	GlobalSection(SolutionConfigurationPlatforms) = preSolution
		Debug|Any CPU = Debug|Any CPU
		Release|Any CPU = Release|Any CPU
	EndGlobalSection
	GlobalSection(ProjectConfigurationPlatforms) = postSolution
		{86FA36D9-51CE-42ED-8DBF-2746E1C63D67}.Debug|Any CPU.ActiveCfg = Debug|Any CPU
		{86FA36D9-51CE-42ED-8DBF-2746E1C63D67}.Debug|Any CPU.Build.0 = Debug|Any CPU
		{86FA36D9-51CE-42ED-8DBF-2746E1C63D67}.Release|Any CPU.ActiveCfg = Release|Any CPU
		{86FA36D9-51CE-42ED-8DBF-2746E1C63D67}.Release|Any CPU.Build.0 = Release|Any CPU
	EndGlobalSection
	GlobalSection(SolutionProperties) = preSolution
		HideSolutionNode = FALSE
	EndGlobalSection
	GlobalSection(ExtensibilityGlobals) = postSolution
		SolutionGuid = {1E9D8FAF-FCEA-4CD8-AA78-8335B9235EFD}
	EndGlobalSection
EndGlobal
